
Microsoft Visual Studio Solution File, Format Version 12.00
# Visual Studio Version 17
VisualStudioVersion = 17.2.32526.322
MinimumVisualStudioVersion = 10.0.40219.1
Project("{FAE04EC0-301F-11D3-BF4B-00C04F79EFBC}") = "KafkaProducerConfigIssue", "KafkaProducerConfigIssue\KafkaProducerConfigIssue.csproj", "{BCA942E5-17A9-4FB6-AD44-CB5A3DB8BA5D}"
EndProject
Global
	GlobalSection(SolutionConfigurationPlatforms) = preSolution
		Debug|Any CPU = Debug|Any CPU
		Release|Any CPU = Release|Any CPU
	EndGlobalSection
	GlobalSection(ProjectConfigurationPlatforms) = postSolution
		{BCA942E5-17A9-4FB6-AD44-CB5A3DB8BA5D}.Debug|Any CPU.ActiveCfg = Debug|Any CPU
		{BCA942E5-17A9-4FB6-AD44-CB5A3DB8BA5D}.Debug|Any CPU.Build.0 = Debug|Any CPU
		{BCA942E5-17A9-4FB6-AD44-CB5A3DB8BA5D}.Release|Any CPU.ActiveCfg = Release|Any CPU
		{BCA942E5-17A9-4FB6-AD44-CB5A3DB8BA5D}.Release|Any CPU.Build.0 = Release|Any CPU
	EndGlobalSection
	GlobalSection(SolutionProperties) = preSolution
		HideSolutionNode = FALSE
	EndGlobalSection
	GlobalSection(ExtensibilityGlobals) = postSolution
		SolutionGuid = {86A613FA-F0B0-4557-8664-C8A92FFBA81D}
	EndGlobalSection
EndGlobal
